
Microsoft Visual Studio Solution File, Format Version 12.00
# Visual Studio Version 17
VisualStudioVersion = 17.0.31912.275
MinimumVisualStudioVersion = 10.0.40219.1
Project("{FAE04EC0-301F-11D3-BF4B-00C04F79EFBC}") = "PostSharpDemo", "PostSharpDemo.csproj", "{8F29F4A9-5BED-49F5-8A29-5F6C98480FCC}"
EndProject
Global
	GlobalSection(SolutionConfigurationPlatforms) = preSolution
		Debug|Any CPU = Debug|Any CPU
		Release|Any CPU = Release|Any CPU
	EndGlobalSection
	GlobalSection(ProjectConfigurationPlatforms) = postSolution
		{8F29F4A9-5BED-49F5-8A29-5F6C98480FCC}.Debug|Any CPU.ActiveCfg = Debug|Any CPU
		{8F29F4A9-5BED-49F5-8A29-5F6C98480FCC}.Debug|Any CPU.Build.0 = Debug|Any CPU
		{8F29F4A9-5BED-49F5-8A29-5F6C98480FCC}.Release|Any CPU.ActiveCfg = Release|Any CPU
		{8F29F4A9-5BED-49F5-8A29-5F6C98480FCC}.Release|Any CPU.Build.0 = Release|Any CPU
	EndGlobalSection
	GlobalSection(SolutionProperties) = preSolution
		HideSolutionNode = FALSE
	EndGlobalSection
	GlobalSection(ExtensibilityGlobals) = postSolution
		SolutionGuid = {15C39699-6034-4E1B-8E14-80F796BCA7A8}
	EndGlobalSection
EndGlobal
